// !$*UTF8*$!
{
	archiveVersion = 1;
	classes = {
	};
	objectVersion = 77;
	objects = {

/* Begin PBXBuildFile section */
		225138622DE47B0F00E96943 /* ClassQuoteApp.swift in Sources */ = {isa = PBXBuildFile; fileRef = 225138612DE47B0F00E96943 /* ClassQuoteApp.swift */; };
		225138642DE47B0F00E96943 /* QuoteView.swift in Sources */ = {isa = PBXBuildFile; fileRef = 225138632DE47B0F00E96943 /* QuoteView.swift */; };
		2251388F2DE48B0E00E96943 /* QuoteModel.swift in Sources */ = {isa = PBXBuildFile; fileRef = 2251388E2DE48B0E00E96943 /* QuoteModel.swift */; };
		225138912DE499A900E96943 /* QuoteDTOModel.swift in Sources */ = {isa = PBXBuildFile; fileRef = 225138902DE499A900E96943 /* QuoteDTOModel.swift */; };
		225138932DE49DE100E96943 /* QuoteViewModel.swift in Sources */ = {isa = PBXBuildFile; fileRef = 225138922DE49DE100E96943 /* QuoteViewModel.swift */; };
		225138962DE4B1D100E96943 /* NetworkErrors.swift in Sources */ = {isa = PBXBuildFile; fileRef = 225138952DE4B1D100E96943 /* NetworkErrors.swift */; };
		225138982DE4BB2400E96943 /* QuoteServiceProtocol.swift in Sources */ = {isa = PBXBuildFile; fileRef = 225138972DE4BB2400E96943 /* QuoteServiceProtocol.swift */; };
		2251389A2DE4CB9D00E96943 /* APIQuoteService.swift in Sources */ = {isa = PBXBuildFile; fileRef = 225138992DE4CB9D00E96943 /* APIQuoteService.swift */; };
/* End PBXBuildFile section */

/* Begin PBXContainerItemProxy section */
		2251386F2DE47B1100E96943 /* PBXContainerItemProxy */ = {
			isa = PBXContainerItemProxy;
			containerPortal = 225138562DE47B0F00E96943 /* Project object */;
			proxyType = 1;
			remoteGlobalIDString = 2251385D2DE47B0F00E96943;
			remoteInfo = ClassQuote;
		};
		225138792DE47B1100E96943 /* PBXContainerItemProxy */ = {
			isa = PBXContainerItemProxy;
			containerPortal = 225138562DE47B0F00E96943 /* Project object */;
			proxyType = 1;
			remoteGlobalIDString = 2251385D2DE47B0F00E96943;
			remoteInfo = ClassQuote;
		};
/* End PBXContainerItemProxy section */

/* Begin PBXFileReference section */
		2251385E2DE47B0F00E96943 /* ClassQuote.app */ = {isa = PBXFileReference; explicitFileType = wrapper.application; includeInIndex = 0; path = ClassQuote.app; sourceTree = BUILT_PRODUCTS_DIR; };
		225138612DE47B0F00E96943 /* ClassQuoteApp.swift */ = {isa = PBXFileReference; lastKnownFileType = sourcecode.swift; path = ClassQuoteApp.swift; sourceTree = "<group>"; };
		225138632DE47B0F00E96943 /* QuoteView.swift */ = {isa = PBXFileReference; lastKnownFileType = sourcecode.swift; path = QuoteView.swift; sourceTree = "<group>"; };
		2251386E2DE47B1100E96943 /* ClassQuoteTests.xctest */ = {isa = PBXFileReference; explicitFileType = wrapper.cfbundle; includeInIndex = 0; path = ClassQuoteTests.xctest; sourceTree = BUILT_PRODUCTS_DIR; };
		225138782DE47B1100E96943 /* ClassQuoteUITests.xctest */ = {isa = PBXFileReference; explicitFileType = wrapper.cfbundle; includeInIndex = 0; path = ClassQuoteUITests.xctest; sourceTree = BUILT_PRODUCTS_DIR; };
		2251388E2DE48B0E00E96943 /* QuoteModel.swift */ = {isa = PBXFileReference; lastKnownFileType = sourcecode.swift; path = QuoteModel.swift; sourceTree = "<group>"; };
		225138902DE499A900E96943 /* QuoteDTOModel.swift */ = {isa = PBXFileReference; lastKnownFileType = sourcecode.swift; path = QuoteDTOModel.swift; sourceTree = "<group>"; };
		225138922DE49DE100E96943 /* QuoteViewModel.swift */ = {isa = PBXFileReference; lastKnownFileType = sourcecode.swift; path = QuoteViewModel.swift; sourceTree = "<group>"; };
		225138952DE4B1D100E96943 /* NetworkErrors.swift */ = {isa = PBXFileReference; lastKnownFileType = sourcecode.swift; path = NetworkErrors.swift; sourceTree = "<group>"; };
		225138972DE4BB2400E96943 /* QuoteServiceProtocol.swift */ = {isa = PBXFileReference; lastKnownFileType = sourcecode.swift; path = QuoteServiceProtocol.swift; sourceTree = "<group>"; };
		225138992DE4CB9D00E96943 /* APIQuoteService.swift */ = {isa = PBXFileReference; lastKnownFileType = sourcecode.swift; path = APIQuoteService.swift; sourceTree = "<group>"; };
/* End PBXFileReference section */

/* Begin PBXFileSystemSynchronizedRootGroup section */
		225138602DE47B0F00E96943 /* ClassQuote */ = {
			isa = PBXFileSystemSynchronizedRootGroup;
			path = ClassQuote;
			sourceTree = "<group>";
		};
		225138712DE47B1100E96943 /* ClassQuoteTests */ = {
			isa = PBXFileSystemSynchronizedRootGroup;
			path = ClassQuoteTests;
			sourceTree = "<group>";
		};
		2251387B2DE47B1100E96943 /* ClassQuoteUITests */ = {
			isa = PBXFileSystemSynchronizedRootGroup;
			path = ClassQuoteUITests;
			sourceTree = "<group>";
		};
/* End PBXFileSystemSynchronizedRootGroup section */

/* Begin PBXFrameworksBuildPhase section */
		2251385B2DE47B0F00E96943 /* Frameworks */ = {
			isa = PBXFrameworksBuildPhase;
			buildActionMask = 2147483647;
			files = (
			);
			runOnlyForDeploymentPostprocessing = 0;
		};
		2251386B2DE47B1100E96943 /* Frameworks */ = {
			isa = PBXFrameworksBuildPhase;
			buildActionMask = 2147483647;
			files = (
			);
			runOnlyForDeploymentPostprocessing = 0;
		};
		225138752DE47B1100E96943 /* Frameworks */ = {
			isa = PBXFrameworksBuildPhase;
			buildActionMask = 2147483647;
			files = (
			);
			runOnlyForDeploymentPostprocessing = 0;
		};
/* End PBXFrameworksBuildPhase section */

/* Begin PBXGroup section */
		225138552DE47B0F00E96943 = {
			isa = PBXGroup;
			children = (
				225138612DE47B0F00E96943 /* ClassQuoteApp.swift */,
				2251388C2DE47B2D00E96943 /* Model */,
				2251388D2DE47B3900E96943 /* ViewModel */,
				2251388B2DE47B2500E96943 /* Views */,
				225138942DE4AAE300E96943 /* Networking */,
				225138602DE47B0F00E96943 /* ClassQuote */,
				225138712DE47B1100E96943 /* ClassQuoteTests */,
				2251387B2DE47B1100E96943 /* ClassQuoteUITests */,
				2251385F2DE47B0F00E96943 /* Products */,
			);
			sourceTree = "<group>";
		};
		2251385F2DE47B0F00E96943 /* Products */ = {
			isa = PBXGroup;
			children = (
				2251385E2DE47B0F00E96943 /* ClassQuote.app */,
				2251386E2DE47B1100E96943 /* ClassQuoteTests.xctest */,
				225138782DE47B1100E96943 /* ClassQuoteUITests.xctest */,
			);
			name = Products;
			sourceTree = "<group>";
		};
		2251388B2DE47B2500E96943 /* Views */ = {
			isa = PBXGroup;
			children = (
				225138632DE47B0F00E96943 /* QuoteView.swift */,
			);
			path = Views;
			sourceTree = "<group>";
		};
		2251388C2DE47B2D00E96943 /* Model */ = {
			isa = PBXGroup;
			children = (
				2251388E2DE48B0E00E96943 /* QuoteModel.swift */,
				225138902DE499A900E96943 /* QuoteDTOModel.swift */,
			);
			path = Model;
			sourceTree = "<group>";
		};
		2251388D2DE47B3900E96943 /* ViewModel */ = {
			isa = PBXGroup;
			children = (
				225138922DE49DE100E96943 /* QuoteViewModel.swift */,
			);
			path = ViewModel;
			sourceTree = "<group>";
		};
		225138942DE4AAE300E96943 /* Networking */ = {
			isa = PBXGroup;
			children = (
				225138952DE4B1D100E96943 /* NetworkErrors.swift */,
				225138972DE4BB2400E96943 /* QuoteServiceProtocol.swift */,
				225138992DE4CB9D00E96943 /* APIQuoteService.swift */,
			);
			path = Networking;
			sourceTree = "<group>";
		};
/* End PBXGroup section */

/* Begin PBXNativeTarget section */
		2251385D2DE47B0F00E96943 /* ClassQuote */ = {
			isa = PBXNativeTarget;
			buildConfigurationList = 225138822DE47B1100E96943 /* Build configuration list for PBXNativeTarget "ClassQuote" */;
			buildPhases = (
				2251385A2DE47B0F00E96943 /* Sources */,
				2251385B2DE47B0F00E96943 /* Frameworks */,
				2251385C2DE47B0F00E96943 /* Resources */,
			);
			buildRules = (
			);
			dependencies = (
			);
			fileSystemSynchronizedGroups = (
				225138602DE47B0F00E96943 /* ClassQuote */,
			);
			name = ClassQuote;
			packageProductDependencies = (
			);
			productName = ClassQuote;
			productReference = 2251385E2DE47B0F00E96943 /* ClassQuote.app */;
			productType = "com.apple.product-type.application";
		};
		2251386D2DE47B1100E96943 /* ClassQuoteTests */ = {
			isa = PBXNativeTarget;
			buildConfigurationList = 225138852DE47B1100E96943 /* Build configuration list for PBXNativeTarget "ClassQuoteTests" */;
			buildPhases = (
				2251386A2DE47B1100E96943 /* Sources */,
				2251386B2DE47B1100E96943 /* Frameworks */,
				2251386C2DE47B1100E96943 /* Resources */,
			);
			buildRules = (
			);
			dependencies = (
				225138702DE47B1100E96943 /* PBXTargetDependency */,
			);
			fileSystemSynchronizedGroups = (
				225138712DE47B1100E96943 /* ClassQuoteTests */,
			);
			name = ClassQuoteTests;
			packageProductDependencies = (
			);
			productName = ClassQuoteTests;
			productReference = 2251386E2DE47B1100E96943 /* ClassQuoteTests.xctest */;
			productType = "com.apple.product-type.bundle.unit-test";
		};
		225138772DE47B1100E96943 /* ClassQuoteUITests */ = {
			isa = PBXNativeTarget;
			buildConfigurationList = 225138882DE47B1100E96943 /* Build configuration list for PBXNativeTarget "ClassQuoteUITests" */;
			buildPhases = (
				225138742DE47B1100E96943 /* Sources */,
				225138752DE47B1100E96943 /* Frameworks */,
				225138762DE47B1100E96943 /* Resources */,
			);
			buildRules = (
			);
			dependencies = (
				2251387A2DE47B1100E96943 /* PBXTargetDependency */,
			);
			fileSystemSynchronizedGroups = (
				2251387B2DE47B1100E96943 /* ClassQuoteUITests */,
			);
			name = ClassQuoteUITests;
			packageProductDependencies = (
			);
			productName = ClassQuoteUITests;
			productReference = 225138782DE47B1100E96943 /* ClassQuoteUITests.xctest */;
			productType = "com.apple.product-type.bundle.ui-testing";
		};
/* End PBXNativeTarget section */

/* Begin PBXProject section */
		225138562DE47B0F00E96943 /* Project object */ = {
			isa = PBXProject;
			attributes = {
				BuildIndependentTargetsInParallel = 1;
				LastSwiftUpdateCheck = 1600;
				LastUpgradeCheck = 1600;
				TargetAttributes = {
					2251385D2DE47B0F00E96943 = {
						CreatedOnToolsVersion = 16.0;
					};
					2251386D2DE47B1100E96943 = {
						CreatedOnToolsVersion = 16.0;
						TestTargetID = 2251385D2DE47B0F00E96943;
					};
					225138772DE47B1100E96943 = {
						CreatedOnToolsVersion = 16.0;
						TestTargetID = 2251385D2DE47B0F00E96943;
					};
				};
			};
			buildConfigurationList = 225138592DE47B0F00E96943 /* Build configuration list for PBXProject "ClassQuote" */;
			developmentRegion = en;
			hasScannedForEncodings = 0;
			knownRegions = (
				en,
				Base,
			);
			mainGroup = 225138552DE47B0F00E96943;
			minimizedProjectReferenceProxies = 1;
			preferredProjectObjectVersion = 77;
			productRefGroup = 2251385F2DE47B0F00E96943 /* Products */;
			projectDirPath = "";
			projectRoot = "";
			targets = (
				2251385D2DE47B0F00E96943 /* ClassQuote */,
				2251386D2DE47B1100E96943 /* ClassQuoteTests */,
				225138772DE47B1100E96943 /* ClassQuoteUITests */,
			);
		};
/* End PBXProject section */

/* Begin PBXResourcesBuildPhase section */
		2251385C2DE47B0F00E96943 /* Resources */ = {
			isa = PBXResourcesBuildPhase;
			buildActionMask = 2147483647;
			files = (
			);
			runOnlyForDeploymentPostprocessing = 0;
		};
		2251386C2DE47B1100E96943 /* Resources */ = {
			isa = PBXResourcesBuildPhase;
			buildActionMask = 2147483647;
			files = (
			);
			runOnlyForDeploymentPostprocessing = 0;
		};
		225138762DE47B1100E96943 /* Resources */ = {
			isa = PBXResourcesBuildPhase;
			buildActionMask = 2147483647;
			files = (
			);
			runOnlyForDeploymentPostprocessing = 0;
		};
/* End PBXResourcesBuildPhase section */

/* Begin PBXSourcesBuildPhase section */
		2251385A2DE47B0F00E96943 /* Sources */ = {
			isa = PBXSourcesBuildPhase;
			buildActionMask = 2147483647;
			files = (
				225138912DE499A900E96943 /* QuoteDTOModel.swift in Sources */,
				2251389A2DE4CB9D00E96943 /* APIQuoteService.swift in Sources */,
				225138982DE4BB2400E96943 /* QuoteServiceProtocol.swift in Sources */,
				225138932DE49DE100E96943 /* QuoteViewModel.swift in Sources */,
				2251388F2DE48B0E00E96943 /* QuoteModel.swift in Sources */,
				225138642DE47B0F00E96943 /* QuoteView.swift in Sources */,
				225138622DE47B0F00E96943 /* ClassQuoteApp.swift in Sources */,
				225138962DE4B1D100E96943 /* NetworkErrors.swift in Sources */,
			);
			runOnlyForDeploymentPostprocessing = 0;
		};
		2251386A2DE47B1100E96943 /* Sources */ = {
			isa = PBXSourcesBuildPhase;
			buildActionMask = 2147483647;
			files = (
			);
			runOnlyForDeploymentPostprocessing = 0;
		};
		225138742DE47B1100E96943 /* Sources */ = {
			isa = PBXSourcesBuildPhase;
			buildActionMask = 2147483647;
			files = (
			);
			runOnlyForDeploymentPostprocessing = 0;
		};
/* End PBXSourcesBuildPhase section */

/* Begin PBXTargetDependency section */
		225138702DE47B1100E96943 /* PBXTargetDependency */ = {
			isa = PBXTargetDependency;
			target = 2251385D2DE47B0F00E96943 /* ClassQuote */;
			targetProxy = 2251386F2DE47B1100E96943 /* PBXContainerItemProxy */;
		};
		2251387A2DE47B1100E96943 /* PBXTargetDependency */ = {
			isa = PBXTargetDependency;
			target = 2251385D2DE47B0F00E96943 /* ClassQuote */;
			targetProxy = 225138792DE47B1100E96943 /* PBXContainerItemProxy */;
		};
/* End PBXTargetDependency section */

/* Begin XCBuildConfiguration section */
		225138802DE47B1100E96943 /* Debug */ = {
			isa = XCBuildConfiguration;
			buildSettings = {
				ALWAYS_SEARCH_USER_PATHS = NO;
				ASSETCATALOG_COMPILER_GENERATE_SWIFT_ASSET_SYMBOL_EXTENSIONS = YES;
				CLANG_ANALYZER_NONNULL = YES;
				CLANG_ANALYZER_NUMBER_OBJECT_CONVERSION = YES_AGGRESSIVE;
				CLANG_CXX_LANGUAGE_STANDARD = "gnu++20";
				CLANG_ENABLE_MODULES = YES;
				CLANG_ENABLE_OBJC_ARC = YES;
				CLANG_ENABLE_OBJC_WEAK = YES;
				CLANG_WARN_BLOCK_CAPTURE_AUTORELEASING = YES;
				CLANG_WARN_BOOL_CONVERSION = YES;
				CLANG_WARN_COMMA = YES;
				CLANG_WARN_CONSTANT_CONVERSION = YES;
				CLANG_WARN_DEPRECATED_OBJC_IMPLEMENTATIONS = YES;
				CLANG_WARN_DIRECT_OBJC_ISA_USAGE = YES_ERROR;
				CLANG_WARN_DOCUMENTATION_COMMENTS = YES;
				CLANG_WARN_EMPTY_BODY = YES;
				CLANG_WARN_ENUM_CONVERSION = YES;
				CLANG_WARN_INFINITE_RECURSION = YES;
				CLANG_WARN_INT_CONVERSION = YES;
				CLANG_WARN_NON_LITERAL_NULL_CONVERSION = YES;
				CLANG_WARN_OBJC_IMPLICIT_RETAIN_SELF = YES;
				CLANG_WARN_OBJC_LITERAL_CONVERSION = YES;
				CLANG_WARN_OBJC_ROOT_CLASS = YES_ERROR;
				CLANG_WARN_QUOTED_INCLUDE_IN_FRAMEWORK_HEADER = YES;
				CLANG_WARN_RANGE_LOOP_ANALYSIS = YES;
				CLANG_WARN_STRICT_PROTOTYPES = YES;
				CLANG_WARN_SUSPICIOUS_MOVE = YES;
				CLANG_WARN_UNGUARDED_AVAILABILITY = YES_AGGRESSIVE;
				CLANG_WARN_UNREACHABLE_CODE = YES;
				CLANG_WARN__DUPLICATE_METHOD_MATCH = YES;
				COPY_PHASE_STRIP = NO;
				DEBUG_INFORMATION_FORMAT = dwarf;
				ENABLE_STRICT_OBJC_MSGSEND = YES;
				ENABLE_TESTABILITY = YES;
				ENABLE_USER_SCRIPT_SANDBOXING = YES;
				GCC_C_LANGUAGE_STANDARD = gnu17;
				GCC_DYNAMIC_NO_PIC = NO;
				GCC_NO_COMMON_BLOCKS = YES;
				GCC_OPTIMIZATION_LEVEL = 0;
				GCC_PREPROCESSOR_DEFINITIONS = (
					"DEBUG=1",
					"$(inherited)",
				);
				GCC_WARN_64_TO_32_BIT_CONVERSION = YES;
				GCC_WARN_ABOUT_RETURN_TYPE = YES_ERROR;
				GCC_WARN_UNDECLARED_SELECTOR = YES;
				GCC_WARN_UNINITIALIZED_AUTOS = YES_AGGRESSIVE;
				GCC_WARN_UNUSED_FUNCTION = YES;
				GCC_WARN_UNUSED_VARIABLE = YES;
				IPHONEOS_DEPLOYMENT_TARGET = 18.0;
				LOCALIZATION_PREFERS_STRING_CATALOGS = YES;
				MTL_ENABLE_DEBUG_INFO = INCLUDE_SOURCE;
				MTL_FAST_MATH = YES;
				ONLY_ACTIVE_ARCH = YES;
				SDKROOT = iphoneos;
				SWIFT_ACTIVE_COMPILATION_CONDITIONS = "DEBUG $(inherited)";
				SWIFT_OPTIMIZATION_LEVEL = "-Onone";
			};
			name = Debug;
		};
		225138812DE47B1100E96943 /* Release */ = {
			isa = XCBuildConfiguration;
			buildSettings = {
				ALWAYS_SEARCH_USER_PATHS = NO;
				ASSETCATALOG_COMPILER_GENERATE_SWIFT_ASSET_SYMBOL_EXTENSIONS = YES;
				CLANG_ANALYZER_NONNULL = YES;
				CLANG_ANALYZER_NUMBER_OBJECT_CONVERSION = YES_AGGRESSIVE;
				CLANG_CXX_LANGUAGE_STANDARD = "gnu++20";
				CLANG_ENABLE_MODULES = YES;
				CLANG_ENABLE_OBJC_ARC = YES;
				CLANG_ENABLE_OBJC_WEAK = YES;
				CLANG_WARN_BLOCK_CAPTURE_AUTORELEASING = YES;
				CLANG_WARN_BOOL_CONVERSION = YES;
				CLANG_WARN_COMMA = YES;
				CLANG_WARN_CONSTANT_CONVERSION = YES;
				CLANG_WARN_DEPRECATED_OBJC_IMPLEMENTATIONS = YES;
				CLANG_WARN_DIRECT_OBJC_ISA_USAGE = YES_ERROR;
				CLANG_WARN_DOCUMENTATION_COMMENTS = YES;
				CLANG_WARN_EMPTY_BODY = YES;
				CLANG_WARN_ENUM_CONVERSION = YES;
				CLANG_WARN_INFINITE_RECURSION = YES;
				CLANG_WARN_INT_CONVERSION = YES;
				CLANG_WARN_NON_LITERAL_NULL_CONVERSION = YES;
				CLANG_WARN_OBJC_IMPLICIT_RETAIN_SELF = YES;
				CLANG_WARN_OBJC_LITERAL_CONVERSION = YES;
				CLANG_WARN_OBJC_ROOT_CLASS = YES_ERROR;
				CLANG_WARN_QUOTED_INCLUDE_IN_FRAMEWORK_HEADER = YES;
				CLANG_WARN_RANGE_LOOP_ANALYSIS = YES;
				CLANG_WARN_STRICT_PROTOTYPES = YES;
				CLANG_WARN_SUSPICIOUS_MOVE = YES;
				CLANG_WARN_UNGUARDED_AVAILABILITY = YES_AGGRESSIVE;
				CLANG_WARN_UNREACHABLE_CODE = YES;
				CLANG_WARN__DUPLICATE_METHOD_MATCH = YES;
				COPY_PHASE_STRIP = NO;
				DEBUG_INFORMATION_FORMAT = "dwarf-with-dsym";
				ENABLE_NS_ASSERTIONS = NO;
				ENABLE_STRICT_OBJC_MSGSEND = YES;
				ENABLE_USER_SCRIPT_SANDBOXING = YES;
				GCC_C_LANGUAGE_STANDARD = gnu17;
				GCC_NO_COMMON_BLOCKS = YES;
				GCC_WARN_64_TO_32_BIT_CONVERSION = YES;
				GCC_WARN_ABOUT_RETURN_TYPE = YES_ERROR;
				GCC_WARN_UNDECLARED_SELECTOR = YES;
				GCC_WARN_UNINITIALIZED_AUTOS = YES_AGGRESSIVE;
				GCC_WARN_UNUSED_FUNCTION = YES;
				GCC_WARN_UNUSED_VARIABLE = YES;
				IPHONEOS_DEPLOYMENT_TARGET = 18.0;
				LOCALIZATION_PREFERS_STRING_CATALOGS = YES;
				MTL_ENABLE_DEBUG_INFO = NO;
				MTL_FAST_MATH = YES;
				SDKROOT = iphoneos;
				SWIFT_COMPILATION_MODE = wholemodule;
				VALIDATE_PRODUCT = YES;
			};
			name = Release;
		};
		225138832DE47B1100E96943 /* Debug */ = {
			isa = XCBuildConfiguration;
			buildSettings = {
				ASSETCATALOG_COMPILER_APPICON_NAME = AppIcon;
				ASSETCATALOG_COMPILER_GLOBAL_ACCENT_COLOR_NAME = AccentColor;
				CODE_SIGN_STYLE = Automatic;
				CURRENT_PROJECT_VERSION = 1;
				DEVELOPMENT_ASSET_PATHS = "\"ClassQuote/Preview Content\"";
				ENABLE_PREVIEWS = YES;
				GENERATE_INFOPLIST_FILE = YES;
				INFOPLIST_KEY_UIApplicationSceneManifest_Generation = YES;
				INFOPLIST_KEY_UIApplicationSupportsIndirectInputEvents = YES;
				INFOPLIST_KEY_UILaunchScreen_Generation = YES;
				INFOPLIST_KEY_UISupportedInterfaceOrientations_iPad = "UIInterfaceOrientationPortrait UIInterfaceOrientationPortraitUpsideDown UIInterfaceOrientationLandscapeLeft UIInterfaceOrientationLandscapeRight";
				INFOPLIST_KEY_UISupportedInterfaceOrientations_iPhone = "UIInterfaceOrientationPortrait UIInterfaceOrientationLandscapeLeft UIInterfaceOrientationLandscapeRight";
				LD_RUNPATH_SEARCH_PATHS = (
					"$(inherited)",
					"@executable_path/Frameworks",
				);
				MARKETING_VERSION = 1.0;
				PRODUCT_BUNDLE_IDENTIFIER = com.gaby.ClassQuote;
				PRODUCT_NAME = "$(TARGET_NAME)";
				SWIFT_EMIT_LOC_STRINGS = YES;
				SWIFT_VERSION = 5.0;
				TARGETED_DEVICE_FAMILY = "1,2";
			};
			name = Debug;
		};
		225138842DE47B1100E96943 /* Release */ = {
			isa = XCBuildConfiguration;
			buildSettings = {
				ASSETCATALOG_COMPILER_APPICON_NAME = AppIcon;
				ASSETCATALOG_COMPILER_GLOBAL_ACCENT_COLOR_NAME = AccentColor;
				CODE_SIGN_STYLE = Automatic;
				CURRENT_PROJECT_VERSION = 1;
				DEVELOPMENT_ASSET_PATHS = "\"ClassQuote/Preview Content\"";
				ENABLE_PREVIEWS = YES;
				GENERATE_INFOPLIST_FILE = YES;
				INFOPLIST_KEY_UIApplicationSceneManifest_Generation = YES;
				INFOPLIST_KEY_UIApplicationSupportsIndirectInputEvents = YES;
				INFOPLIST_KEY_UILaunchScreen_Generation = YES;
				INFOPLIST_KEY_UISupportedInterfaceOrientations_iPad = "UIInterfaceOrientationPortrait UIInterfaceOrientationPortraitUpsideDown UIInterfaceOrientationLandscapeLeft UIInterfaceOrientationLandscapeRight";
				INFOPLIST_KEY_UISupportedInterfaceOrientations_iPhone = "UIInterfaceOrientationPortrait UIInterfaceOrientationLandscapeLeft UIInterfaceOrientationLandscapeRight";
				LD_RUNPATH_SEARCH_PATHS = (
					"$(inherited)",
					"@executable_path/Frameworks",
				);
				MARKETING_VERSION = 1.0;
				PRODUCT_BUNDLE_IDENTIFIER = com.gaby.ClassQuote;
				PRODUCT_NAME = "$(TARGET_NAME)";
				SWIFT_EMIT_LOC_STRINGS = YES;
				SWIFT_VERSION = 5.0;
				TARGETED_DEVICE_FAMILY = "1,2";
			};
			name = Release;
		};
		225138862DE47B1100E96943 /* Debug */ = {
			isa = XCBuildConfiguration;
			buildSettings = {
				BUNDLE_LOADER = "$(TEST_HOST)";
				CODE_SIGN_STYLE = Automatic;
				CURRENT_PROJECT_VERSION = 1;
				GENERATE_INFOPLIST_FILE = YES;
				IPHONEOS_DEPLOYMENT_TARGET = 18.0;
				MARKETING_VERSION = 1.0;
				PRODUCT_BUNDLE_IDENTIFIER = com.gaby.ClassQuoteTests;
				PRODUCT_NAME = "$(TARGET_NAME)";
				SWIFT_EMIT_LOC_STRINGS = NO;
				SWIFT_VERSION = 5.0;
				TARGETED_DEVICE_FAMILY = "1,2";
				TEST_HOST = "$(BUILT_PRODUCTS_DIR)/ClassQuote.app/$(BUNDLE_EXECUTABLE_FOLDER_PATH)/ClassQuote";
			};
			name = Debug;
		};
		225138872DE47B1100E96943 /* Release */ = {
			isa = XCBuildConfiguration;
			buildSettings = {
				BUNDLE_LOADER = "$(TEST_HOST)";
				CODE_SIGN_STYLE = Automatic;
				CURRENT_PROJECT_VERSION = 1;
				GENERATE_INFOPLIST_FILE = YES;
				IPHONEOS_DEPLOYMENT_TARGET = 18.0;
				MARKETING_VERSION = 1.0;
				PRODUCT_BUNDLE_IDENTIFIER = com.gaby.ClassQuoteTests;
				PRODUCT_NAME = "$(TARGET_NAME)";
				SWIFT_EMIT_LOC_STRINGS = NO;
				SWIFT_VERSION = 5.0;
				TARGETED_DEVICE_FAMILY = "1,2";
				TEST_HOST = "$(BUILT_PRODUCTS_DIR)/ClassQuote.app/$(BUNDLE_EXECUTABLE_FOLDER_PATH)/ClassQuote";
			};
			name = Release;
		};
		225138892DE47B1100E96943 /* Debug */ = {
			isa = XCBuildConfiguration;
			buildSettings = {
				CODE_SIGN_STYLE = Automatic;
				CURRENT_PROJECT_VERSION = 1;
				GENERATE_INFOPLIST_FILE = YES;
				MARKETING_VERSION = 1.0;
				PRODUCT_BUNDLE_IDENTIFIER = com.gaby.ClassQuoteUITests;
				PRODUCT_NAME = "$(TARGET_NAME)";
				SWIFT_EMIT_LOC_STRINGS = NO;
				SWIFT_VERSION = 5.0;
				TARGETED_DEVICE_FAMILY = "1,2";
				TEST_TARGET_NAME = ClassQuote;
			};
			name = Debug;
		};
		2251388A2DE47B1100E96943 /* Release */ = {
			isa = XCBuildConfiguration;
			buildSettings = {
				CODE_SIGN_STYLE = Automatic;
				CURRENT_PROJECT_VERSION = 1;
				GENERATE_INFOPLIST_FILE = YES;
				MARKETING_VERSION = 1.0;
				PRODUCT_BUNDLE_IDENTIFIER = com.gaby.ClassQuoteUITests;
				PRODUCT_NAME = "$(TARGET_NAME)";
				SWIFT_EMIT_LOC_STRINGS = NO;
				SWIFT_VERSION = 5.0;
				TARGETED_DEVICE_FAMILY = "1,2";
				TEST_TARGET_NAME = ClassQuote;
			};
			name = Release;
		};
/* End XCBuildConfiguration section */

/* Begin XCConfigurationList section */
		225138592DE47B0F00E96943 /* Build configuration list for PBXProject "ClassQuote" */ = {
			isa = XCConfigurationList;
			buildConfigurations = (
				225138802DE47B1100E96943 /* Debug */,
				225138812DE47B1100E96943 /* Release */,
			);
			defaultConfigurationIsVisible = 0;
			defaultConfigurationName = Release;
		};
		225138822DE47B1100E96943 /* Build configuration list for PBXNativeTarget "ClassQuote" */ = {
			isa = XCConfigurationList;
			buildConfigurations = (
				225138832DE47B1100E96943 /* Debug */,
				225138842DE47B1100E96943 /* Release */,
			);
			defaultConfigurationIsVisible = 0;
			defaultConfigurationName = Release;
		};
		225138852DE47B1100E96943 /* Build configuration list for PBXNativeTarget "ClassQuoteTests" */ = {
			isa = XCConfigurationList;
			buildConfigurations = (
				225138862DE47B1100E96943 /* Debug */,
				225138872DE47B1100E96943 /* Release */,
			);
			defaultConfigurationIsVisible = 0;
			defaultConfigurationName = Release;
		};
		225138882DE47B1100E96943 /* Build configuration list for PBXNativeTarget "ClassQuoteUITests" */ = {
			isa = XCConfigurationList;
			buildConfigurations = (
				225138892DE47B1100E96943 /* Debug */,
				2251388A2DE47B1100E96943 /* Release */,
			);
			defaultConfigurationIsVisible = 0;
			defaultConfigurationName = Release;
		};
/* End XCConfigurationList section */
	};
	rootObject = 225138562DE47B0F00E96943 /* Project object */;
}
